
Microsoft Visual Studio Solution File, Format Version 12.00
# Visual Studio Version 16
VisualStudioVersion = 16.0.30114.105
MinimumVisualStudioVersion = 10.0.40219.1
Project("{FAE04EC0-301F-11D3-BF4B-00C04F79EFBC}") = "SwinTest", "SwinTest\SwinTest.csproj", "{3C231C10-9A0E-4831-B3A7-694C7B0F5A4E}"
EndProject
Project("{FAE04EC0-301F-11D3-BF4B-00C04F79EFBC}") = "SwinTest.Tests", "SwinTest.Tests\SwinTest.Tests.csproj", "{1B3B45D9-9669-4D39-8AFE-4DD0F4BEEFC3}"
EndProject
Global
	GlobalSection(SolutionConfigurationPlatforms) = preSolution
		Debug|Any CPU = Debug|Any CPU
		Release|Any CPU = Release|Any CPU
	EndGlobalSection
	GlobalSection(SolutionProperties) = preSolution
		HideSolutionNode = FALSE
	EndGlobalSection
	GlobalSection(ProjectConfigurationPlatforms) = postSolution
		{3C231C10-9A0E-4831-B3A7-694C7B0F5A4E}.Debug|Any CPU.ActiveCfg = Debug|Any CPU
		{3C231C10-9A0E-4831-B3A7-694C7B0F5A4E}.Debug|Any CPU.Build.0 = Debug|Any CPU
		{3C231C10-9A0E-4831-B3A7-694C7B0F5A4E}.Release|Any CPU.ActiveCfg = Release|Any CPU
		{3C231C10-9A0E-4831-B3A7-694C7B0F5A4E}.Release|Any CPU.Build.0 = Release|Any CPU
		{1B3B45D9-9669-4D39-8AFE-4DD0F4BEEFC3}.Debug|Any CPU.ActiveCfg = Debug|Any CPU
		{1B3B45D9-9669-4D39-8AFE-4DD0F4BEEFC3}.Debug|Any CPU.Build.0 = Debug|Any CPU
		{1B3B45D9-9669-4D39-8AFE-4DD0F4BEEFC3}.Release|Any CPU.ActiveCfg = Release|Any CPU
		{1B3B45D9-9669-4D39-8AFE-4DD0F4BEEFC3}.Release|Any CPU.Build.0 = Release|Any CPU
	EndGlobalSection
EndGlobal
