
Microsoft Visual Studio Solution File, Format Version 12.00
# Visual Studio Version 16
VisualStudioVersion = 16.0.30114.105
MinimumVisualStudioVersion = 10.0.40219.1
Project("{FAE04EC0-301F-11D3-BF4B-00C04F79EFBC}") = "Iteration1", "Iteration1\Iteration1.csproj", "{5D4E50C6-3C53-415D-A77C-C2A2B97EC1EB}"
EndProject
Project("{FAE04EC0-301F-11D3-BF4B-00C04F79EFBC}") = "Iteration1.Tests", "Iteration1.Tests\Iteration1.Tests.csproj", "{6BE0B9DA-8898-4FB1-867D-C7BF551CF9BC}"
EndProject
Global
	GlobalSection(SolutionConfigurationPlatforms) = preSolution
		Debug|Any CPU = Debug|Any CPU
		Release|Any CPU = Release|Any CPU
	EndGlobalSection
	GlobalSection(SolutionProperties) = preSolution
		HideSolutionNode = FALSE
	EndGlobalSection
	GlobalSection(ProjectConfigurationPlatforms) = postSolution
		{5D4E50C6-3C53-415D-A77C-C2A2B97EC1EB}.Debug|Any CPU.ActiveCfg = Debug|Any CPU
		{5D4E50C6-3C53-415D-A77C-C2A2B97EC1EB}.Debug|Any CPU.Build.0 = Debug|Any CPU
		{5D4E50C6-3C53-415D-A77C-C2A2B97EC1EB}.Release|Any CPU.ActiveCfg = Release|Any CPU
		{5D4E50C6-3C53-415D-A77C-C2A2B97EC1EB}.Release|Any CPU.Build.0 = Release|Any CPU
		{6BE0B9DA-8898-4FB1-867D-C7BF551CF9BC}.Debug|Any CPU.ActiveCfg = Debug|Any CPU
		{6BE0B9DA-8898-4FB1-867D-C7BF551CF9BC}.Debug|Any CPU.Build.0 = Debug|Any CPU
		{6BE0B9DA-8898-4FB1-867D-C7BF551CF9BC}.Release|Any CPU.ActiveCfg = Release|Any CPU
		{6BE0B9DA-8898-4FB1-867D-C7BF551CF9BC}.Release|Any CPU.Build.0 = Release|Any CPU
	EndGlobalSection
EndGlobal
