
Microsoft Visual Studio Solution File, Format Version 12.00
# Visual Studio Version 16
VisualStudioVersion = 16.0.30114.105
MinimumVisualStudioVersion = 10.0.40219.1
Project("{FAE04EC0-301F-11D3-BF4B-00C04F79EFBC}") = "BPlus", "BPlus\BPlus.csproj", "{4FFA6EB6-7CE7-491F-A6BA-683C11226CCB}"
EndProject
Project("{FAE04EC0-301F-11D3-BF4B-00C04F79EFBC}") = "BPlus.Tests", "BPlus.Tests\BPlus.Tests.csproj", "{F8BB6ED6-6767-4885-AA83-51B348B8CF8E}"
EndProject
Global
	GlobalSection(SolutionConfigurationPlatforms) = preSolution
		Debug|Any CPU = Debug|Any CPU
		Release|Any CPU = Release|Any CPU
	EndGlobalSection
	GlobalSection(SolutionProperties) = preSolution
		HideSolutionNode = FALSE
	EndGlobalSection
	GlobalSection(ProjectConfigurationPlatforms) = postSolution
		{4FFA6EB6-7CE7-491F-A6BA-683C11226CCB}.Debug|Any CPU.ActiveCfg = Debug|Any CPU
		{4FFA6EB6-7CE7-491F-A6BA-683C11226CCB}.Debug|Any CPU.Build.0 = Debug|Any CPU
		{4FFA6EB6-7CE7-491F-A6BA-683C11226CCB}.Release|Any CPU.ActiveCfg = Release|Any CPU
		{4FFA6EB6-7CE7-491F-A6BA-683C11226CCB}.Release|Any CPU.Build.0 = Release|Any CPU
		{F8BB6ED6-6767-4885-AA83-51B348B8CF8E}.Debug|Any CPU.ActiveCfg = Debug|Any CPU
		{F8BB6ED6-6767-4885-AA83-51B348B8CF8E}.Debug|Any CPU.Build.0 = Debug|Any CPU
		{F8BB6ED6-6767-4885-AA83-51B348B8CF8E}.Release|Any CPU.ActiveCfg = Release|Any CPU
		{F8BB6ED6-6767-4885-AA83-51B348B8CF8E}.Release|Any CPU.Build.0 = Release|Any CPU
	EndGlobalSection
EndGlobal
