
Microsoft Visual Studio Solution File, Format Version 12.00
# Visual Studio Version 16
VisualStudioVersion = 16.0.30114.105
MinimumVisualStudioVersion = 10.0.40219.1
Project("{FAE04EC0-301F-11D3-BF4B-00C04F79EFBC}") = "SwinAdventure", "SwinAdventure\SwinAdventure.csproj", "{FB535E2A-7590-47E6-8C9A-FDE24176D44D}"
EndProject
Project("{FAE04EC0-301F-11D3-BF4B-00C04F79EFBC}") = "SwinAdventure.Tests", "SwinAdventure.Tests\SwinAdventure.Tests.csproj", "{A5C2B5AC-8E05-4007-ACAA-BC31C304C493}"
EndProject
Global
	GlobalSection(SolutionConfigurationPlatforms) = preSolution
		Debug|Any CPU = Debug|Any CPU
		Release|Any CPU = Release|Any CPU
	EndGlobalSection
	GlobalSection(SolutionProperties) = preSolution
		HideSolutionNode = FALSE
	EndGlobalSection
	GlobalSection(ProjectConfigurationPlatforms) = postSolution
		{FB535E2A-7590-47E6-8C9A-FDE24176D44D}.Debug|Any CPU.ActiveCfg = Debug|Any CPU
		{FB535E2A-7590-47E6-8C9A-FDE24176D44D}.Debug|Any CPU.Build.0 = Debug|Any CPU
		{FB535E2A-7590-47E6-8C9A-FDE24176D44D}.Release|Any CPU.ActiveCfg = Release|Any CPU
		{FB535E2A-7590-47E6-8C9A-FDE24176D44D}.Release|Any CPU.Build.0 = Release|Any CPU
		{A5C2B5AC-8E05-4007-ACAA-BC31C304C493}.Debug|Any CPU.ActiveCfg = Debug|Any CPU
		{A5C2B5AC-8E05-4007-ACAA-BC31C304C493}.Debug|Any CPU.Build.0 = Debug|Any CPU
		{A5C2B5AC-8E05-4007-ACAA-BC31C304C493}.Release|Any CPU.ActiveCfg = Release|Any CPU
		{A5C2B5AC-8E05-4007-ACAA-BC31C304C493}.Release|Any CPU.Build.0 = Release|Any CPU
	EndGlobalSection
EndGlobal
